
Microsoft Visual Studio Solution File, Format Version 12.00
# Visual Studio Version 16
VisualStudioVersion = 16.0.30114.105
MinimumVisualStudioVersion = 10.0.40219.1
Project("{FAE04EC0-301F-11D3-BF4B-00C04F79EFBC}") = "PfotenFreunde.Api", "PfotenFreunde.Api\PfotenFreunde.Api.csproj", "{6B057E5F-FCED-478C-8FF4-2A6CC5AA66F2}"
EndProject
Project("{FAE04EC0-301F-11D3-BF4B-00C04F79EFBC}") = "PfotenFreunde.Shared", "PfotenFreunde.Shared\PfotenFreunde.Shared.csproj", "{C04ABFA6-43FB-4E46-8E51-1B03455C8C9E}"
EndProject
Project("{FAE04EC0-301F-11D3-BF4B-00C04F79EFBC}") = "PfotenFreunde.Generator", "PfotenFreunde.Generator\PfotenFreunde.Generator.csproj", "{65C3DB70-3CBA-4CEF-81A6-BC6EE582563F}"
EndProject
Global
	GlobalSection(SolutionConfigurationPlatforms) = preSolution
		Debug|Any CPU = Debug|Any CPU
		Release|Any CPU = Release|Any CPU
	EndGlobalSection
	GlobalSection(SolutionProperties) = preSolution
		HideSolutionNode = FALSE
	EndGlobalSection
	GlobalSection(ProjectConfigurationPlatforms) = postSolution
		{6B057E5F-FCED-478C-8FF4-2A6CC5AA66F2}.Debug|Any CPU.ActiveCfg = Debug|Any CPU
		{6B057E5F-FCED-478C-8FF4-2A6CC5AA66F2}.Debug|Any CPU.Build.0 = Debug|Any CPU
		{6B057E5F-FCED-478C-8FF4-2A6CC5AA66F2}.Release|Any CPU.ActiveCfg = Release|Any CPU
		{6B057E5F-FCED-478C-8FF4-2A6CC5AA66F2}.Release|Any CPU.Build.0 = Release|Any CPU
		{C04ABFA6-43FB-4E46-8E51-1B03455C8C9E}.Debug|Any CPU.ActiveCfg = Debug|Any CPU
		{C04ABFA6-43FB-4E46-8E51-1B03455C8C9E}.Debug|Any CPU.Build.0 = Debug|Any CPU
		{C04ABFA6-43FB-4E46-8E51-1B03455C8C9E}.Release|Any CPU.ActiveCfg = Release|Any CPU
		{C04ABFA6-43FB-4E46-8E51-1B03455C8C9E}.Release|Any CPU.Build.0 = Release|Any CPU
		{65C3DB70-3CBA-4CEF-81A6-BC6EE582563F}.Debug|Any CPU.ActiveCfg = Debug|Any CPU
		{65C3DB70-3CBA-4CEF-81A6-BC6EE582563F}.Debug|Any CPU.Build.0 = Debug|Any CPU
		{65C3DB70-3CBA-4CEF-81A6-BC6EE582563F}.Release|Any CPU.ActiveCfg = Release|Any CPU
		{65C3DB70-3CBA-4CEF-81A6-BC6EE582563F}.Release|Any CPU.Build.0 = Release|Any CPU
	EndGlobalSection
EndGlobal
